// !$*UTF8*$!
{
	archiveVersion = 1;
	classes = {
	};
	objectVersion = 60;
	objects = {

/* Begin PBXBuildFile section */
		132AA54A2EDB6A86009FE8F1 /* ObjectDetector.mlmodel in Sources */ = {isa = PBXBuildFile; fileRef = 132AA5492EDB6A86009FE8F1 /* ObjectDetector.mlmodel */; };
		134A45122F0434FD00CB3568 /* DetectedIngredientRow.swift in Sources */ = {isa = PBXBuildFile; fileRef = 134A45112F0434FD00CB3568 /* DetectedIngredientRow.swift */; };
		134A45142F0438AC00CB3568 /* SummaryPill.swift in Sources */ = {isa = PBXBuildFile; fileRef = 134A45132F0438AC00CB3568 /* SummaryPill.swift */; };
		134A451C2F0464E200CB3568 /* food_90_conf.mlpackage in Sources */ = {isa = PBXBuildFile; fileRef = 134A451B2F0464E200CB3568 /* food_90_conf.mlpackage */; };
		215FE4272ECD01990030561B /* AppDelegate.swift in Sources */ = {isa = PBXBuildFile; fileRef = 215FE4262ECD01990030561B /* AppDelegate.swift */; };
		215FE4292ECD01990030561B /* SceneDelegate.swift in Sources */ = {isa = PBXBuildFile; fileRef = 215FE4282ECD01990030561B /* SceneDelegate.swift */; };
		215FE42E2ECD01990030561B /* Main.storyboard in Resources */ = {isa = PBXBuildFile; fileRef = 215FE42C2ECD01990030561B /* Main.storyboard */; };
		215FE4302ECD019C0030561B /* Assets.xcassets in Resources */ = {isa = PBXBuildFile; fileRef = 215FE42F2ECD019C0030561B /* Assets.xcassets */; };
		215FE4332ECD019C0030561B /* LaunchScreen.storyboard in Resources */ = {isa = PBXBuildFile; fileRef = 215FE4312ECD019C0030561B /* LaunchScreen.storyboard */; };
		215FE43E2ECD019C0030561B /* NutriVisionTests.swift in Sources */ = {isa = PBXBuildFile; fileRef = 215FE43D2ECD019C0030561B /* NutriVisionTests.swift */; };
		215FE4482ECD019C0030561B /* NutriVisionUITests.swift in Sources */ = {isa = PBXBuildFile; fileRef = 215FE4472ECD019C0030561B /* NutriVisionUITests.swift */; };
		215FE44A2ECD019C0030561B /* NutriVisionUITestsLaunchTests.swift in Sources */ = {isa = PBXBuildFile; fileRef = 215FE4492ECD019C0030561B /* NutriVisionUITestsLaunchTests.swift */; };
		4E21A7442EFEF949006E8737 /* NutritionStatsView.swift in Sources */ = {isa = PBXBuildFile; fileRef = 4E21A7432EFEF949006E8737 /* NutritionStatsView.swift */; };
		4E21A7462EFF0452006E8737 /* NutritionViewModel.swift in Sources */ = {isa = PBXBuildFile; fileRef = 4E21A7452EFF0452006E8737 /* NutritionViewModel.swift */; };
		4E21A7482EFF0478006E8737 /* DashboardStatsView.swift in Sources */ = {isa = PBXBuildFile; fileRef = 4E21A7472EFF0478006E8737 /* DashboardStatsView.swift */; };
		4E21A74A2EFF355C006E8737 /* Meal.swift in Sources */ = {isa = PBXBuildFile; fileRef = 4E21A7492EFF355C006E8737 /* Meal.swift */; };
		4E21A74C2EFF3590006E8737 /* SavedMealsView.swift in Sources */ = {isa = PBXBuildFile; fileRef = 4E21A74B2EFF3590006E8737 /* SavedMealsView.swift */; };
		4E21A74E2EFF4BF1006E8737 /* Ingredient.swift in Sources */ = {isa = PBXBuildFile; fileRef = 4E21A74D2EFF4BF1006E8737 /* Ingredient.swift */; };
		4E21A7502EFF5588006E8737 /* DailyNutrition.swift in Sources */ = {isa = PBXBuildFile; fileRef = 4E21A74F2EFF5588006E8737 /* DailyNutrition.swift */; };
		4E21A7522EFF675D006E8737 /* RecordingView.swift in Sources */ = {isa = PBXBuildFile; fileRef = 4E21A7512EFF675D006E8737 /* RecordingView.swift */; };
		4E21A7542EFF68C2006E8737 /* ARCameraView.swift in Sources */ = {isa = PBXBuildFile; fileRef = 4E21A7532EFF68C2006E8737 /* ARCameraView.swift */; };
		4E21A7582F007B02006E8737 /* HistoryView.swift in Sources */ = {isa = PBXBuildFile; fileRef = 4E21A7572F007B02006E8737 /* HistoryView.swift */; };
		4E21A75E2F00AB8A006E8737 /* AISuggestionViewModel.swift in Sources */ = {isa = PBXBuildFile; fileRef = 4E21A75D2F00AB8A006E8737 /* AISuggestionViewModel.swift */; };
		4E21A7682F00BDC6006E8737 /* FirebaseAuth in Frameworks */ = {isa = PBXBuildFile; productRef = 4E21A7672F00BDC6006E8737 /* FirebaseAuth */; };
		4E21A76A2F00BDC6006E8737 /* FirebaseFirestore in Frameworks */ = {isa = PBXBuildFile; productRef = 4E21A7692F00BDC6006E8737 /* FirebaseFirestore */; };
		4E21A76C2F00BDC6006E8737 /* FirebaseVertexAI-Preview in Frameworks */ = {isa = PBXBuildFile; productRef = 4E21A76B2F00BDC6006E8737 /* FirebaseVertexAI-Preview */; };
		4E21A76E2F00CF55006E8737 /* PreviewData.swift in Sources */ = {isa = PBXBuildFile; fileRef = 4E21A76D2F00CF55006E8737 /* PreviewData.swift */; };
		4E9200022F04912F001B334F /* GoogleService-Info.plist in Resources */ = {isa = PBXBuildFile; fileRef = 4E9200012F04912F001B334F /* GoogleService-Info.plist */; };
		4E9200042F0494F2001B334F /* NutritionService.swift in Sources */ = {isa = PBXBuildFile; fileRef = 4E9200032F0494F2001B334F /* NutritionService.swift */; };
		4ED20A8D2EF87F0D0050B6D7 /* AuthView.swift in Sources */ = {isa = PBXBuildFile; fileRef = 4ED20A8C2EF87F0D0050B6D7 /* AuthView.swift */; };
		4ED20A8F2EF8B3C40050B6D7 /* AuthHostingController.swift in Sources */ = {isa = PBXBuildFile; fileRef = 4ED20A8E2EF8B3C40050B6D7 /* AuthHostingController.swift */; };
		4ED20A982EF8D2740050B6D7 /* UserInfo.swift in Sources */ = {isa = PBXBuildFile; fileRef = 4ED20A972EF8D2740050B6D7 /* UserInfo.swift */; };
		4ED20A9A2EF8D4AB0050B6D7 /* DataManager.swift in Sources */ = {isa = PBXBuildFile; fileRef = 4ED20A992EF8D4AB0050B6D7 /* DataManager.swift */; };
		4ED20A9C2EF8E16A0050B6D7 /* ProfileSetUpView.swift in Sources */ = {isa = PBXBuildFile; fileRef = 4ED20A9B2EF8E16A0050B6D7 /* ProfileSetUpView.swift */; };
		4ED20A9E2EF9C3C00050B6D7 /* HomeHostingController.swift in Sources */ = {isa = PBXBuildFile; fileRef = 4ED20A9D2EF9C3C00050B6D7 /* HomeHostingController.swift */; };
		4ED20AA02EF9C47F0050B6D7 /* HomeController.swift in Sources */ = {isa = PBXBuildFile; fileRef = 4ED20A9F2EF9C47F0050B6D7 /* HomeController.swift */; };
		4ED20AA22EF9C4BF0050B6D7 /* ProfileView.swift in Sources */ = {isa = PBXBuildFile; fileRef = 4ED20AA12EF9C4BF0050B6D7 /* ProfileView.swift */; };
		4ED20AA42EF9CB5F0050B6D7 /* AppState.swift in Sources */ = {isa = PBXBuildFile; fileRef = 4ED20AA32EF9CB5F0050B6D7 /* AppState.swift */; };
		4ED20AA62EF9CCDA0050B6D7 /* RootView.swift in Sources */ = {isa = PBXBuildFile; fileRef = 4ED20AA52EF9CCDA0050B6D7 /* RootView.swift */; };
/* End PBXBuildFile section */

/* Begin PBXContainerItemProxy section */
		215FE43A2ECD019C0030561B /* PBXContainerItemProxy */ = {
			isa = PBXContainerItemProxy;
			containerPortal = 215FE41B2ECD01990030561B /* Project object */;
			proxyType = 1;
			remoteGlobalIDString = 215FE4222ECD01990030561B;
			remoteInfo = NutriVision;
		};
		215FE4442ECD019C0030561B /* PBXContainerItemProxy */ = {
			isa = PBXContainerItemProxy;
			containerPortal = 215FE41B2ECD01990030561B /* Project object */;
			proxyType = 1;
			remoteGlobalIDString = 215FE4222ECD01990030561B;
			remoteInfo = NutriVision;
		};
/* End PBXContainerItemProxy section */

/* Begin PBXFileReference section */
		132AA5492EDB6A86009FE8F1 /* ObjectDetector.mlmodel */ = {isa = PBXFileReference; lastKnownFileType = file.mlmodel; path = ObjectDetector.mlmodel; sourceTree = "<group>"; };
		134A45112F0434FD00CB3568 /* DetectedIngredientRow.swift */ = {isa = PBXFileReference; lastKnownFileType = sourcecode.swift; path = DetectedIngredientRow.swift; sourceTree = "<group>"; };
		134A45132F0438AC00CB3568 /* SummaryPill.swift */ = {isa = PBXFileReference; lastKnownFileType = sourcecode.swift; path = SummaryPill.swift; sourceTree = "<group>"; };
		134A451B2F0464E200CB3568 /* food_90_conf.mlpackage */ = {isa = PBXFileReference; lastKnownFileType = folder.mlpackage; path = food_90_conf.mlpackage; sourceTree = "<group>"; };
		215FE4232ECD01990030561B /* NutriVision.app */ = {isa = PBXFileReference; explicitFileType = wrapper.application; includeInIndex = 0; path = NutriVision.app; sourceTree = BUILT_PRODUCTS_DIR; };
		215FE4262ECD01990030561B /* AppDelegate.swift */ = {isa = PBXFileReference; lastKnownFileType = sourcecode.swift; path = AppDelegate.swift; sourceTree = "<group>"; };
		215FE4282ECD01990030561B /* SceneDelegate.swift */ = {isa = PBXFileReference; lastKnownFileType = sourcecode.swift; path = SceneDelegate.swift; sourceTree = "<group>"; };
		215FE42D2ECD01990030561B /* Base */ = {isa = PBXFileReference; lastKnownFileType = file.storyboard; name = Base; path = Base.lproj/Main.storyboard; sourceTree = "<group>"; };
		215FE42F2ECD019C0030561B /* Assets.xcassets */ = {isa = PBXFileReference; lastKnownFileType = folder.assetcatalog; path = Assets.xcassets; sourceTree = "<group>"; };
		215FE4322ECD019C0030561B /* Base */ = {isa = PBXFileReference; lastKnownFileType = file.storyboard; name = Base; path = Base.lproj/LaunchScreen.storyboard; sourceTree = "<group>"; };
		215FE4342ECD019C0030561B /* Info.plist */ = {isa = PBXFileReference; lastKnownFileType = text.plist.xml; path = Info.plist; sourceTree = "<group>"; };
		215FE4392ECD019C0030561B /* NutriVisionTests.xctest */ = {isa = PBXFileReference; explicitFileType = wrapper.cfbundle; includeInIndex = 0; path = NutriVisionTests.xctest; sourceTree = BUILT_PRODUCTS_DIR; };
		215FE43D2ECD019C0030561B /* NutriVisionTests.swift */ = {isa = PBXFileReference; lastKnownFileType = sourcecode.swift; path = NutriVisionTests.swift; sourceTree = "<group>"; };
		215FE4432ECD019C0030561B /* NutriVisionUITests.xctest */ = {isa = PBXFileReference; explicitFileType = wrapper.cfbundle; includeInIndex = 0; path = NutriVisionUITests.xctest; sourceTree = BUILT_PRODUCTS_DIR; };
		215FE4472ECD019C0030561B /* NutriVisionUITests.swift */ = {isa = PBXFileReference; lastKnownFileType = sourcecode.swift; path = NutriVisionUITests.swift; sourceTree = "<group>"; };
		215FE4492ECD019C0030561B /* NutriVisionUITestsLaunchTests.swift */ = {isa = PBXFileReference; lastKnownFileType = sourcecode.swift; path = NutriVisionUITestsLaunchTests.swift; sourceTree = "<group>"; };
		4E21A7432EFEF949006E8737 /* NutritionStatsView.swift */ = {isa = PBXFileReference; lastKnownFileType = sourcecode.swift; path = NutritionStatsView.swift; sourceTree = "<group>"; };
		4E21A7452EFF0452006E8737 /* NutritionViewModel.swift */ = {isa = PBXFileReference; lastKnownFileType = sourcecode.swift; path = NutritionViewModel.swift; sourceTree = "<group>"; };
		4E21A7472EFF0478006E8737 /* DashboardStatsView.swift */ = {isa = PBXFileReference; lastKnownFileType = sourcecode.swift; path = DashboardStatsView.swift; sourceTree = "<group>"; };
		4E21A7492EFF355C006E8737 /* Meal.swift */ = {isa = PBXFileReference; lastKnownFileType = sourcecode.swift; path = Meal.swift; sourceTree = "<group>"; };
		4E21A74B2EFF3590006E8737 /* SavedMealsView.swift */ = {isa = PBXFileReference; lastKnownFileType = sourcecode.swift; path = SavedMealsView.swift; sourceTree = "<group>"; };
		4E21A74D2EFF4BF1006E8737 /* Ingredient.swift */ = {isa = PBXFileReference; lastKnownFileType = sourcecode.swift; path = Ingredient.swift; sourceTree = "<group>"; };
		4E21A74F2EFF5588006E8737 /* DailyNutrition.swift */ = {isa = PBXFileReference; lastKnownFileType = sourcecode.swift; path = DailyNutrition.swift; sourceTree = "<group>"; };
		4E21A7512EFF675D006E8737 /* RecordingView.swift */ = {isa = PBXFileReference; lastKnownFileType = sourcecode.swift; path = RecordingView.swift; sourceTree = "<group>"; };
		4E21A7532EFF68C2006E8737 /* ARCameraView.swift */ = {isa = PBXFileReference; lastKnownFileType = sourcecode.swift; path = ARCameraView.swift; sourceTree = "<group>"; };
		4E21A7572F007B02006E8737 /* HistoryView.swift */ = {isa = PBXFileReference; lastKnownFileType = sourcecode.swift; path = HistoryView.swift; sourceTree = "<group>"; };
		4E21A75D2F00AB8A006E8737 /* AISuggestionViewModel.swift */ = {isa = PBXFileReference; lastKnownFileType = sourcecode.swift; path = AISuggestionViewModel.swift; sourceTree = "<group>"; };
		4E21A76D2F00CF55006E8737 /* PreviewData.swift */ = {isa = PBXFileReference; lastKnownFileType = sourcecode.swift; path = PreviewData.swift; sourceTree = "<group>"; };
		4E9200012F04912F001B334F /* GoogleService-Info.plist */ = {isa = PBXFileReference; fileEncoding = 4; lastKnownFileType = text.plist.xml; name = "GoogleService-Info.plist"; path = "../../Downloads/GoogleService-Info.plist"; sourceTree = "<group>"; };
		4E9200032F0494F2001B334F /* NutritionService.swift */ = {isa = PBXFileReference; fileEncoding = 4; lastKnownFileType = sourcecode.swift; path = NutritionService.swift; sourceTree = "<group>"; };
		4ED20A8C2EF87F0D0050B6D7 /* AuthView.swift */ = {isa = PBXFileReference; lastKnownFileType = sourcecode.swift; path = AuthView.swift; sourceTree = "<group>"; };
		4ED20A8E2EF8B3C40050B6D7 /* AuthHostingController.swift */ = {isa = PBXFileReference; lastKnownFileType = sourcecode.swift; path = AuthHostingController.swift; sourceTree = "<group>"; };
		4ED20A972EF8D2740050B6D7 /* UserInfo.swift */ = {isa = PBXFileReference; lastKnownFileType = sourcecode.swift; path = UserInfo.swift; sourceTree = "<group>"; };
		4ED20A992EF8D4AB0050B6D7 /* DataManager.swift */ = {isa = PBXFileReference; lastKnownFileType = sourcecode.swift; path = DataManager.swift; sourceTree = "<group>"; };
		4ED20A9B2EF8E16A0050B6D7 /* ProfileSetUpView.swift */ = {isa = PBXFileReference; lastKnownFileType = sourcecode.swift; path = ProfileSetUpView.swift; sourceTree = "<group>"; };
		4ED20A9D2EF9C3C00050B6D7 /* HomeHostingController.swift */ = {isa = PBXFileReference; lastKnownFileType = sourcecode.swift; path = HomeHostingController.swift; sourceTree = "<group>"; };
		4ED20A9F2EF9C47F0050B6D7 /* HomeController.swift */ = {isa = PBXFileReference; lastKnownFileType = sourcecode.swift; path = HomeController.swift; sourceTree = "<group>"; };
		4ED20AA12EF9C4BF0050B6D7 /* ProfileView.swift */ = {isa = PBXFileReference; lastKnownFileType = sourcecode.swift; path = ProfileView.swift; sourceTree = "<group>"; };
		4ED20AA32EF9CB5F0050B6D7 /* AppState.swift */ = {isa = PBXFileReference; lastKnownFileType = sourcecode.swift; path = AppState.swift; sourceTree = "<group>"; };
		4ED20AA52EF9CCDA0050B6D7 /* RootView.swift */ = {isa = PBXFileReference; lastKnownFileType = sourcecode.swift; path = RootView.swift; sourceTree = "<group>"; };
/* End PBXFileReference section */

/* Begin PBXFrameworksBuildPhase section */
		215FE4202ECD01990030561B /* Frameworks */ = {
			isa = PBXFrameworksBuildPhase;
			buildActionMask = 2147483647;
			files = (
				4E21A76C2F00BDC6006E8737 /* FirebaseVertexAI-Preview in Frameworks */,
				4E21A7682F00BDC6006E8737 /* FirebaseAuth in Frameworks */,
				4E21A76A2F00BDC6006E8737 /* FirebaseFirestore in Frameworks */,
			);
			runOnlyForDeploymentPostprocessing = 0;
		};
		215FE4362ECD019C0030561B /* Frameworks */ = {
			isa = PBXFrameworksBuildPhase;
			buildActionMask = 2147483647;
			files = (
			);
			runOnlyForDeploymentPostprocessing = 0;
		};
		215FE4402ECD019C0030561B /* Frameworks */ = {
			isa = PBXFrameworksBuildPhase;
			buildActionMask = 2147483647;
			files = (
			);
			runOnlyForDeploymentPostprocessing = 0;
		};
/* End PBXFrameworksBuildPhase section */

/* Begin PBXGroup section */
		215FE41A2ECD01990030561B = {
			isa = PBXGroup;
			children = (
				215FE4252ECD01990030561B /* NutriVision */,
				215FE43C2ECD019C0030561B /* NutriVisionTests */,
				215FE4462ECD019C0030561B /* NutriVisionUITests */,
				215FE4242ECD01990030561B /* Products */,
			);
			sourceTree = "<group>";
		};
		215FE4242ECD01990030561B /* Products */ = {
			isa = PBXGroup;
			children = (
				215FE4232ECD01990030561B /* NutriVision.app */,
				215FE4392ECD019C0030561B /* NutriVisionTests.xctest */,
				215FE4432ECD019C0030561B /* NutriVisionUITests.xctest */,
			);
			name = Products;
			sourceTree = "<group>";
		};
		215FE4252ECD01990030561B /* NutriVision */ = {
			isa = PBXGroup;
			children = (
				4E9200032F0494F2001B334F /* NutritionService.swift */,
				4E9200012F04912F001B334F /* GoogleService-Info.plist */,
				134A45132F0438AC00CB3568 /* SummaryPill.swift */,
				134A45112F0434FD00CB3568 /* DetectedIngredientRow.swift */,
				215FE4262ECD01990030561B /* AppDelegate.swift */,
				215FE4282ECD01990030561B /* SceneDelegate.swift */,
				215FE42C2ECD01990030561B /* Main.storyboard */,
				215FE42F2ECD019C0030561B /* Assets.xcassets */,
				215FE4312ECD019C0030561B /* LaunchScreen.storyboard */,
				215FE4342ECD019C0030561B /* Info.plist */,
				132AA5492EDB6A86009FE8F1 /* ObjectDetector.mlmodel */,
				4ED20A8C2EF87F0D0050B6D7 /* AuthView.swift */,
				4ED20A8E2EF8B3C40050B6D7 /* AuthHostingController.swift */,
				4ED20A972EF8D2740050B6D7 /* UserInfo.swift */,
				4ED20A992EF8D4AB0050B6D7 /* DataManager.swift */,
				4ED20A9B2EF8E16A0050B6D7 /* ProfileSetUpView.swift */,
				4ED20A9D2EF9C3C00050B6D7 /* HomeHostingController.swift */,
				4ED20A9F2EF9C47F0050B6D7 /* HomeController.swift */,
				4ED20AA12EF9C4BF0050B6D7 /* ProfileView.swift */,
				4ED20AA32EF9CB5F0050B6D7 /* AppState.swift */,
				4ED20AA52EF9CCDA0050B6D7 /* RootView.swift */,
				4E21A7432EFEF949006E8737 /* NutritionStatsView.swift */,
				4E21A7452EFF0452006E8737 /* NutritionViewModel.swift */,
				4E21A7472EFF0478006E8737 /* DashboardStatsView.swift */,
				4E21A7492EFF355C006E8737 /* Meal.swift */,
				4E21A74B2EFF3590006E8737 /* SavedMealsView.swift */,
				4E21A74D2EFF4BF1006E8737 /* Ingredient.swift */,
				4E21A74F2EFF5588006E8737 /* DailyNutrition.swift */,
				4E21A7512EFF675D006E8737 /* RecordingView.swift */,
				4E21A7532EFF68C2006E8737 /* ARCameraView.swift */,
				4E21A7572F007B02006E8737 /* HistoryView.swift */,
				4E21A75D2F00AB8A006E8737 /* AISuggestionViewModel.swift */,
				4E21A76D2F00CF55006E8737 /* PreviewData.swift */,
				134A451B2F0464E200CB3568 /* food_90_conf.mlpackage */,
			);
			path = NutriVision;
			sourceTree = "<group>";
		};
		215FE43C2ECD019C0030561B /* NutriVisionTests */ = {
			isa = PBXGroup;
			children = (
				215FE43D2ECD019C0030561B /* NutriVisionTests.swift */,
			);
			path = NutriVisionTests;
			sourceTree = "<group>";
		};
		215FE4462ECD019C0030561B /* NutriVisionUITests */ = {
			isa = PBXGroup;
			children = (
				215FE4472ECD019C0030561B /* NutriVisionUITests.swift */,
				215FE4492ECD019C0030561B /* NutriVisionUITestsLaunchTests.swift */,
			);
			path = NutriVisionUITests;
			sourceTree = "<group>";
		};
/* End PBXGroup section */

/* Begin PBXNativeTarget section */
		215FE4222ECD01990030561B /* NutriVision */ = {
			isa = PBXNativeTarget;
			buildConfigurationList = 215FE44D2ECD019C0030561B /* Build configuration list for PBXNativeTarget "NutriVision" */;
			buildPhases = (
				215FE41F2ECD01990030561B /* Sources */,
				215FE4202ECD01990030561B /* Frameworks */,
				215FE4212ECD01990030561B /* Resources */,
			);
			buildRules = (
			);
			dependencies = (
			);
			name = NutriVision;
			packageProductDependencies = (
				4E21A7672F00BDC6006E8737 /* FirebaseAuth */,
				4E21A7692F00BDC6006E8737 /* FirebaseFirestore */,
				4E21A76B2F00BDC6006E8737 /* FirebaseVertexAI-Preview */,
			);
			productName = NutriVision;
			productReference = 215FE4232ECD01990030561B /* NutriVision.app */;
			productType = "com.apple.product-type.application";
		};
		215FE4382ECD019C0030561B /* NutriVisionTests */ = {
			isa = PBXNativeTarget;
			buildConfigurationList = 215FE4502ECD019C0030561B /* Build configuration list for PBXNativeTarget "NutriVisionTests" */;
			buildPhases = (
				215FE4352ECD019C0030561B /* Sources */,
				215FE4362ECD019C0030561B /* Frameworks */,
				215FE4372ECD019C0030561B /* Resources */,
			);
			buildRules = (
			);
			dependencies = (
				215FE43B2ECD019C0030561B /* PBXTargetDependency */,
			);
			name = NutriVisionTests;
			productName = NutriVisionTests;
			productReference = 215FE4392ECD019C0030561B /* NutriVisionTests.xctest */;
			productType = "com.apple.product-type.bundle.unit-test";
		};
		215FE4422ECD019C0030561B /* NutriVisionUITests */ = {
			isa = PBXNativeTarget;
			buildConfigurationList = 215FE4532ECD019C0030561B /* Build configuration list for PBXNativeTarget "NutriVisionUITests" */;
			buildPhases = (
				215FE43F2ECD019C0030561B /* Sources */,
				215FE4402ECD019C0030561B /* Frameworks */,
				215FE4412ECD019C0030561B /* Resources */,
			);
			buildRules = (
			);
			dependencies = (
				215FE4452ECD019C0030561B /* PBXTargetDependency */,
			);
			name = NutriVisionUITests;
			productName = NutriVisionUITests;
			productReference = 215FE4432ECD019C0030561B /* NutriVisionUITests.xctest */;
			productType = "com.apple.product-type.bundle.ui-testing";
		};
/* End PBXNativeTarget section */

/* Begin PBXProject section */
		215FE41B2ECD01990030561B /* Project object */ = {
			isa = PBXProject;
			attributes = {
				BuildIndependentTargetsInParallel = 1;
				LastSwiftUpdateCheck = 1430;
				LastUpgradeCheck = 1430;
				TargetAttributes = {
					215FE4222ECD01990030561B = {
						CreatedOnToolsVersion = 14.3;
					};
					215FE4382ECD019C0030561B = {
						CreatedOnToolsVersion = 14.3;
						TestTargetID = 215FE4222ECD01990030561B;
					};
					215FE4422ECD019C0030561B = {
						CreatedOnToolsVersion = 14.3;
						TestTargetID = 215FE4222ECD01990030561B;
					};
				};
			};
			buildConfigurationList = 215FE41E2ECD01990030561B /* Build configuration list for PBXProject "NutriVision" */;
			compatibilityVersion = "Xcode 15.0";
			developmentRegion = en;
			hasScannedForEncodings = 0;
			knownRegions = (
				en,
				Base,
			);
			mainGroup = 215FE41A2ECD01990030561B;
			packageReferences = (
				4E21A7662F00BDC6006E8737 /* XCRemoteSwiftPackageReference "firebase-ios-sdk" */,
			);
			productRefGroup = 215FE4242ECD01990030561B /* Products */;
			projectDirPath = "";
			projectRoot = "";
			targets = (
				215FE4222ECD01990030561B /* NutriVision */,
				215FE4382ECD019C0030561B /* NutriVisionTests */,
				215FE4422ECD019C0030561B /* NutriVisionUITests */,
			);
		};
/* End PBXProject section */

/* Begin PBXResourcesBuildPhase section */
		215FE4212ECD01990030561B /* Resources */ = {
			isa = PBXResourcesBuildPhase;
			buildActionMask = 2147483647;
			files = (
				215FE4332ECD019C0030561B /* LaunchScreen.storyboard in Resources */,
				4E9200022F04912F001B334F /* GoogleService-Info.plist in Resources */,
				215FE4302ECD019C0030561B /* Assets.xcassets in Resources */,
				215FE42E2ECD01990030561B /* Main.storyboard in Resources */,
			);
			runOnlyForDeploymentPostprocessing = 0;
		};
		215FE4372ECD019C0030561B /* Resources */ = {
			isa = PBXResourcesBuildPhase;
			buildActionMask = 2147483647;
			files = (
			);
			runOnlyForDeploymentPostprocessing = 0;
		};
		215FE4412ECD019C0030561B /* Resources */ = {
			isa = PBXResourcesBuildPhase;
			buildActionMask = 2147483647;
			files = (
			);
			runOnlyForDeploymentPostprocessing = 0;
		};
/* End PBXResourcesBuildPhase section */

/* Begin PBXSourcesBuildPhase section */
		215FE41F2ECD01990030561B /* Sources */ = {
			isa = PBXSourcesBuildPhase;
			buildActionMask = 2147483647;
			files = (
				4E21A76E2F00CF55006E8737 /* PreviewData.swift in Sources */,
				4ED20A8F2EF8B3C40050B6D7 /* AuthHostingController.swift in Sources */,
				4ED20A9A2EF8D4AB0050B6D7 /* DataManager.swift in Sources */,
				4ED20A8D2EF87F0D0050B6D7 /* AuthView.swift in Sources */,
				4E21A74C2EFF3590006E8737 /* SavedMealsView.swift in Sources */,
				4E21A7482EFF0478006E8737 /* DashboardStatsView.swift in Sources */,
				4E21A74A2EFF355C006E8737 /* Meal.swift in Sources */,
				4E21A75E2F00AB8A006E8737 /* AISuggestionViewModel.swift in Sources */,
				4E21A7582F007B02006E8737 /* HistoryView.swift in Sources */,
				134A45122F0434FD00CB3568 /* DetectedIngredientRow.swift in Sources */,
				134A45142F0438AC00CB3568 /* SummaryPill.swift in Sources */,
				215FE4272ECD01990030561B /* AppDelegate.swift in Sources */,
				4E9200042F0494F2001B334F /* NutritionService.swift in Sources */,
				4ED20AA02EF9C47F0050B6D7 /* HomeController.swift in Sources */,
				4E21A7542EFF68C2006E8737 /* ARCameraView.swift in Sources */,
				132AA54A2EDB6A86009FE8F1 /* ObjectDetector.mlmodel in Sources */,
				4ED20A9E2EF9C3C00050B6D7 /* HomeHostingController.swift in Sources */,
				4E21A7442EFEF949006E8737 /* NutritionStatsView.swift in Sources */,
				4E21A74E2EFF4BF1006E8737 /* Ingredient.swift in Sources */,
				4ED20AA42EF9CB5F0050B6D7 /* AppState.swift in Sources */,
				215FE4292ECD01990030561B /* SceneDelegate.swift in Sources */,
				4E21A7462EFF0452006E8737 /* NutritionViewModel.swift in Sources */,
				4ED20A982EF8D2740050B6D7 /* UserInfo.swift in Sources */,
				134A451C2F0464E200CB3568 /* food_90_conf.mlpackage in Sources */,
				4ED20A9C2EF8E16A0050B6D7 /* ProfileSetUpView.swift in Sources */,
				4E21A7522EFF675D006E8737 /* RecordingView.swift in Sources */,
				4ED20AA22EF9C4BF0050B6D7 /* ProfileView.swift in Sources */,
				4ED20AA62EF9CCDA0050B6D7 /* RootView.swift in Sources */,
				4E21A7502EFF5588006E8737 /* DailyNutrition.swift in Sources */,
			);
			runOnlyForDeploymentPostprocessing = 0;
		};
		215FE4352ECD019C0030561B /* Sources */ = {
			isa = PBXSourcesBuildPhase;
			buildActionMask = 2147483647;
			files = (
				215FE43E2ECD019C0030561B /* NutriVisionTests.swift in Sources */,
			);
			runOnlyForDeploymentPostprocessing = 0;
		};
		215FE43F2ECD019C0030561B /* Sources */ = {
			isa = PBXSourcesBuildPhase;
			buildActionMask = 2147483647;
			files = (
				215FE4482ECD019C0030561B /* NutriVisionUITests.swift in Sources */,
				215FE44A2ECD019C0030561B /* NutriVisionUITestsLaunchTests.swift in Sources */,
			);
			runOnlyForDeploymentPostprocessing = 0;
		};
/* End PBXSourcesBuildPhase section */

/* Begin PBXTargetDependency section */
		215FE43B2ECD019C0030561B /* PBXTargetDependency */ = {
			isa = PBXTargetDependency;
			target = 215FE4222ECD01990030561B /* NutriVision */;
			targetProxy = 215FE43A2ECD019C0030561B /* PBXContainerItemProxy */;
		};
		215FE4452ECD019C0030561B /* PBXTargetDependency */ = {
			isa = PBXTargetDependency;
			target = 215FE4222ECD01990030561B /* NutriVision */;
			targetProxy = 215FE4442ECD019C0030561B /* PBXContainerItemProxy */;
		};
/* End PBXTargetDependency section */

/* Begin PBXVariantGroup section */
		215FE42C2ECD01990030561B /* Main.storyboard */ = {
			isa = PBXVariantGroup;
			children = (
				215FE42D2ECD01990030561B /* Base */,
			);
			name = Main.storyboard;
			sourceTree = "<group>";
		};
		215FE4312ECD019C0030561B /* LaunchScreen.storyboard */ = {
			isa = PBXVariantGroup;
			children = (
				215FE4322ECD019C0030561B /* Base */,
			);
			name = LaunchScreen.storyboard;
			sourceTree = "<group>";
		};
/* End PBXVariantGroup section */

/* Begin XCBuildConfiguration section */
		215FE44B2ECD019C0030561B /* Debug */ = {
			isa = XCBuildConfiguration;
			buildSettings = {
				ALWAYS_SEARCH_USER_PATHS = NO;
				CLANG_ANALYZER_NONNULL = YES;
				CLANG_ANALYZER_NUMBER_OBJECT_CONVERSION = YES_AGGRESSIVE;
				CLANG_CXX_LANGUAGE_STANDARD = "gnu++20";
				CLANG_ENABLE_MODULES = YES;
				CLANG_ENABLE_OBJC_ARC = YES;
				CLANG_ENABLE_OBJC_WEAK = YES;
				CLANG_WARN_BLOCK_CAPTURE_AUTORELEASING = YES;
				CLANG_WARN_BOOL_CONVERSION = YES;
				CLANG_WARN_COMMA = YES;
				CLANG_WARN_CONSTANT_CONVERSION = YES;
				CLANG_WARN_DEPRECATED_OBJC_IMPLEMENTATIONS = YES;
				CLANG_WARN_DIRECT_OBJC_ISA_USAGE = YES_ERROR;
				CLANG_WARN_DOCUMENTATION_COMMENTS = YES;
				CLANG_WARN_EMPTY_BODY = YES;
				CLANG_WARN_ENUM_CONVERSION = YES;
				CLANG_WARN_INFINITE_RECURSION = YES;
				CLANG_WARN_INT_CONVERSION = YES;
				CLANG_WARN_NON_LITERAL_NULL_CONVERSION = YES;
				CLANG_WARN_OBJC_IMPLICIT_RETAIN_SELF = YES;
				CLANG_WARN_OBJC_LITERAL_CONVERSION = YES;
				CLANG_WARN_OBJC_ROOT_CLASS = YES_ERROR;
				CLANG_WARN_QUOTED_INCLUDE_IN_FRAMEWORK_HEADER = YES;
				CLANG_WARN_RANGE_LOOP_ANALYSIS = YES;
				CLANG_WARN_STRICT_PROTOTYPES = YES;
				CLANG_WARN_SUSPICIOUS_MOVE = YES;
				CLANG_WARN_UNGUARDED_AVAILABILITY = YES_AGGRESSIVE;
				CLANG_WARN_UNREACHABLE_CODE = YES;
				CLANG_WARN__DUPLICATE_METHOD_MATCH = YES;
				COPY_PHASE_STRIP = NO;
				DEBUG_INFORMATION_FORMAT = dwarf;
				ENABLE_STRICT_OBJC_MSGSEND = YES;
				ENABLE_TESTABILITY = YES;
				GCC_C_LANGUAGE_STANDARD = gnu11;
				GCC_DYNAMIC_NO_PIC = NO;
				GCC_NO_COMMON_BLOCKS = YES;
				GCC_OPTIMIZATION_LEVEL = 0;
				GCC_PREPROCESSOR_DEFINITIONS = (
					"DEBUG=1",
					"$(inherited)",
				);
				GCC_WARN_64_TO_32_BIT_CONVERSION = YES;
				GCC_WARN_ABOUT_RETURN_TYPE = YES_ERROR;
				GCC_WARN_UNDECLARED_SELECTOR = YES;
				GCC_WARN_UNINITIALIZED_AUTOS = YES_AGGRESSIVE;
				GCC_WARN_UNUSED_FUNCTION = YES;
				GCC_WARN_UNUSED_VARIABLE = YES;
				IPHONEOS_DEPLOYMENT_TARGET = 16.4;
				MTL_ENABLE_DEBUG_INFO = INCLUDE_SOURCE;
				MTL_FAST_MATH = YES;
				ONLY_ACTIVE_ARCH = YES;
				SDKROOT = iphoneos;
				SWIFT_ACTIVE_COMPILATION_CONDITIONS = DEBUG;
				SWIFT_OPTIMIZATION_LEVEL = "-Onone";
			};
			name = Debug;
		};
		215FE44C2ECD019C0030561B /* Release */ = {
			isa = XCBuildConfiguration;
			buildSettings = {
				ALWAYS_SEARCH_USER_PATHS = NO;
				CLANG_ANALYZER_NONNULL = YES;
				CLANG_ANALYZER_NUMBER_OBJECT_CONVERSION = YES_AGGRESSIVE;
				CLANG_CXX_LANGUAGE_STANDARD = "gnu++20";
				CLANG_ENABLE_MODULES = YES;
				CLANG_ENABLE_OBJC_ARC = YES;
				CLANG_ENABLE_OBJC_WEAK = YES;
				CLANG_WARN_BLOCK_CAPTURE_AUTORELEASING = YES;
				CLANG_WARN_BOOL_CONVERSION = YES;
				CLANG_WARN_COMMA = YES;
				CLANG_WARN_CONSTANT_CONVERSION = YES;
				CLANG_WARN_DEPRECATED_OBJC_IMPLEMENTATIONS = YES;
				CLANG_WARN_DIRECT_OBJC_ISA_USAGE = YES_ERROR;
				CLANG_WARN_DOCUMENTATION_COMMENTS = YES;
				CLANG_WARN_EMPTY_BODY = YES;
				CLANG_WARN_ENUM_CONVERSION = YES;
				CLANG_WARN_INFINITE_RECURSION = YES;
				CLANG_WARN_INT_CONVERSION = YES;
				CLANG_WARN_NON_LITERAL_NULL_CONVERSION = YES;
				CLANG_WARN_OBJC_IMPLICIT_RETAIN_SELF = YES;
				CLANG_WARN_OBJC_LITERAL_CONVERSION = YES;
				CLANG_WARN_OBJC_ROOT_CLASS = YES_ERROR;
				CLANG_WARN_QUOTED_INCLUDE_IN_FRAMEWORK_HEADER = YES;
				CLANG_WARN_RANGE_LOOP_ANALYSIS = YES;
				CLANG_WARN_STRICT_PROTOTYPES = YES;
				CLANG_WARN_SUSPICIOUS_MOVE = YES;
				CLANG_WARN_UNGUARDED_AVAILABILITY = YES_AGGRESSIVE;
				CLANG_WARN_UNREACHABLE_CODE = YES;
				CLANG_WARN__DUPLICATE_METHOD_MATCH = YES;
				COPY_PHASE_STRIP = NO;
				DEBUG_INFORMATION_FORMAT = "dwarf-with-dsym";
				ENABLE_NS_ASSERTIONS = NO;
				ENABLE_STRICT_OBJC_MSGSEND = YES;
				GCC_C_LANGUAGE_STANDARD = gnu11;
				GCC_NO_COMMON_BLOCKS = YES;
				GCC_WARN_64_TO_32_BIT_CONVERSION = YES;
				GCC_WARN_ABOUT_RETURN_TYPE = YES_ERROR;
				GCC_WARN_UNDECLARED_SELECTOR = YES;
				GCC_WARN_UNINITIALIZED_AUTOS = YES_AGGRESSIVE;
				GCC_WARN_UNUSED_FUNCTION = YES;
				GCC_WARN_UNUSED_VARIABLE = YES;
				IPHONEOS_DEPLOYMENT_TARGET = 16.4;
				MTL_ENABLE_DEBUG_INFO = NO;
				MTL_FAST_MATH = YES;
				SDKROOT = iphoneos;
				SWIFT_COMPILATION_MODE = wholemodule;
				SWIFT_OPTIMIZATION_LEVEL = "-O";
				VALIDATE_PRODUCT = YES;
			};
			name = Release;
		};
		215FE44E2ECD019C0030561B /* Debug */ = {
			isa = XCBuildConfiguration;
			buildSettings = {
				ASSETCATALOG_COMPILER_APPICON_NAME = AppIcon;
				ASSETCATALOG_COMPILER_GLOBAL_ACCENT_COLOR_NAME = AccentColor;
				CODE_SIGN_STYLE = Automatic;
				CURRENT_PROJECT_VERSION = 1;
				DEVELOPMENT_TEAM = 7GRQVR3UZS;
				GENERATE_INFOPLIST_FILE = YES;
				INFOPLIST_FILE = NutriVision/Info.plist;
				INFOPLIST_KEY_UIApplicationSupportsIndirectInputEvents = YES;
				INFOPLIST_KEY_UILaunchStoryboardName = LaunchScreen;
				INFOPLIST_KEY_UIMainStoryboardFile = Main;
				INFOPLIST_KEY_UISupportedInterfaceOrientations_iPad = "UIInterfaceOrientationPortrait UIInterfaceOrientationPortraitUpsideDown UIInterfaceOrientationLandscapeLeft UIInterfaceOrientationLandscapeRight";
				INFOPLIST_KEY_UISupportedInterfaceOrientations_iPhone = "UIInterfaceOrientationPortrait UIInterfaceOrientationLandscapeLeft UIInterfaceOrientationLandscapeRight";
				IPHONEOS_DEPLOYMENT_TARGET = 16.0;
				LD_RUNPATH_SEARCH_PATHS = (
					"$(inherited)",
					"@executable_path/Frameworks",
				);
				MARKETING_VERSION = 1.0;
				PRODUCT_BUNDLE_IDENTIFIER = ipleiria.pt.NutriVision;
				PRODUCT_NAME = "$(TARGET_NAME)";
				SWIFT_EMIT_LOC_STRINGS = YES;
				SWIFT_VERSION = 5.0;
				TARGETED_DEVICE_FAMILY = "1,2";
			};
			name = Debug;
		};
		215FE44F2ECD019C0030561B /* Release */ = {
			isa = XCBuildConfiguration;
			buildSettings = {
				ASSETCATALOG_COMPILER_APPICON_NAME = AppIcon;
				ASSETCATALOG_COMPILER_GLOBAL_ACCENT_COLOR_NAME = AccentColor;
				CODE_SIGN_STYLE = Automatic;
				CURRENT_PROJECT_VERSION = 1;
				DEVELOPMENT_TEAM = 7GRQVR3UZS;
				GENERATE_INFOPLIST_FILE = YES;
				INFOPLIST_FILE = NutriVision/Info.plist;
				INFOPLIST_KEY_UIApplicationSupportsIndirectInputEvents = YES;
				INFOPLIST_KEY_UILaunchStoryboardName = LaunchScreen;
				INFOPLIST_KEY_UIMainStoryboardFile = Main;
				INFOPLIST_KEY_UISupportedInterfaceOrientations_iPad = "UIInterfaceOrientationPortrait UIInterfaceOrientationPortraitUpsideDown UIInterfaceOrientationLandscapeLeft UIInterfaceOrientationLandscapeRight";
				INFOPLIST_KEY_UISupportedInterfaceOrientations_iPhone = "UIInterfaceOrientationPortrait UIInterfaceOrientationLandscapeLeft UIInterfaceOrientationLandscapeRight";
				IPHONEOS_DEPLOYMENT_TARGET = 16.0;
				LD_RUNPATH_SEARCH_PATHS = (
					"$(inherited)",
					"@executable_path/Frameworks",
				);
				MARKETING_VERSION = 1.0;
				PRODUCT_BUNDLE_IDENTIFIER = ipleiria.pt.NutriVision;
				PRODUCT_NAME = "$(TARGET_NAME)";
				SWIFT_EMIT_LOC_STRINGS = YES;
				SWIFT_VERSION = 5.0;
				TARGETED_DEVICE_FAMILY = "1,2";
			};
			name = Release;
		};
		215FE4512ECD019C0030561B /* Debug */ = {
			isa = XCBuildConfiguration;
			buildSettings = {
				ALWAYS_EMBED_SWIFT_STANDARD_LIBRARIES = YES;
				BUNDLE_LOADER = "$(TEST_HOST)";
				CODE_SIGN_STYLE = Automatic;
				CURRENT_PROJECT_VERSION = 1;
				GENERATE_INFOPLIST_FILE = YES;
				IPHONEOS_DEPLOYMENT_TARGET = 16.4;
				MARKETING_VERSION = 1.0;
				PRODUCT_BUNDLE_IDENTIFIER = ipleiria.pt.NutriVisionTests;
				PRODUCT_NAME = "$(TARGET_NAME)";
				SWIFT_EMIT_LOC_STRINGS = NO;
				SWIFT_VERSION = 5.0;
				TARGETED_DEVICE_FAMILY = "1,2";
				TEST_HOST = "$(BUILT_PRODUCTS_DIR)/NutriVision.app/$(BUNDLE_EXECUTABLE_FOLDER_PATH)/NutriVision";
			};
			name = Debug;
		};
		215FE4522ECD019C0030561B /* Release */ = {
			isa = XCBuildConfiguration;
			buildSettings = {
				ALWAYS_EMBED_SWIFT_STANDARD_LIBRARIES = YES;
				BUNDLE_LOADER = "$(TEST_HOST)";
				CODE_SIGN_STYLE = Automatic;
				CURRENT_PROJECT_VERSION = 1;
				GENERATE_INFOPLIST_FILE = YES;
				IPHONEOS_DEPLOYMENT_TARGET = 16.4;
				MARKETING_VERSION = 1.0;
				PRODUCT_BUNDLE_IDENTIFIER = ipleiria.pt.NutriVisionTests;
				PRODUCT_NAME = "$(TARGET_NAME)";
				SWIFT_EMIT_LOC_STRINGS = NO;
				SWIFT_VERSION = 5.0;
				TARGETED_DEVICE_FAMILY = "1,2";
				TEST_HOST = "$(BUILT_PRODUCTS_DIR)/NutriVision.app/$(BUNDLE_EXECUTABLE_FOLDER_PATH)/NutriVision";
			};
			name = Release;
		};
		215FE4542ECD019C0030561B /* Debug */ = {
			isa = XCBuildConfiguration;
			buildSettings = {
				ALWAYS_EMBED_SWIFT_STANDARD_LIBRARIES = YES;
				CODE_SIGN_STYLE = Automatic;
				CURRENT_PROJECT_VERSION = 1;
				GENERATE_INFOPLIST_FILE = YES;
				MARKETING_VERSION = 1.0;
				PRODUCT_BUNDLE_IDENTIFIER = ipleiria.pt.NutriVisionUITests;
				PRODUCT_NAME = "$(TARGET_NAME)";
				SWIFT_EMIT_LOC_STRINGS = NO;
				SWIFT_VERSION = 5.0;
				TARGETED_DEVICE_FAMILY = "1,2";
				TEST_TARGET_NAME = NutriVision;
			};
			name = Debug;
		};
		215FE4552ECD019C0030561B /* Release */ = {
			isa = XCBuildConfiguration;
			buildSettings = {
				ALWAYS_EMBED_SWIFT_STANDARD_LIBRARIES = YES;
				CODE_SIGN_STYLE = Automatic;
				CURRENT_PROJECT_VERSION = 1;
				GENERATE_INFOPLIST_FILE = YES;
				MARKETING_VERSION = 1.0;
				PRODUCT_BUNDLE_IDENTIFIER = ipleiria.pt.NutriVisionUITests;
				PRODUCT_NAME = "$(TARGET_NAME)";
				SWIFT_EMIT_LOC_STRINGS = NO;
				SWIFT_VERSION = 5.0;
				TARGETED_DEVICE_FAMILY = "1,2";
				TEST_TARGET_NAME = NutriVision;
			};
			name = Release;
		};
/* End XCBuildConfiguration section */

/* Begin XCConfigurationList section */
		215FE41E2ECD01990030561B /* Build configuration list for PBXProject "NutriVision" */ = {
			isa = XCConfigurationList;
			buildConfigurations = (
				215FE44B2ECD019C0030561B /* Debug */,
				215FE44C2ECD019C0030561B /* Release */,
			);
			defaultConfigurationIsVisible = 0;
			defaultConfigurationName = Release;
		};
		215FE44D2ECD019C0030561B /* Build configuration list for PBXNativeTarget "NutriVision" */ = {
			isa = XCConfigurationList;
			buildConfigurations = (
				215FE44E2ECD019C0030561B /* Debug */,
				215FE44F2ECD019C0030561B /* Release */,
			);
			defaultConfigurationIsVisible = 0;
			defaultConfigurationName = Release;
		};
		215FE4502ECD019C0030561B /* Build configuration list for PBXNativeTarget "NutriVisionTests" */ = {
			isa = XCConfigurationList;
			buildConfigurations = (
				215FE4512ECD019C0030561B /* Debug */,
				215FE4522ECD019C0030561B /* Release */,
			);
			defaultConfigurationIsVisible = 0;
			defaultConfigurationName = Release;
		};
		215FE4532ECD019C0030561B /* Build configuration list for PBXNativeTarget "NutriVisionUITests" */ = {
			isa = XCConfigurationList;
			buildConfigurations = (
				215FE4542ECD019C0030561B /* Debug */,
				215FE4552ECD019C0030561B /* Release */,
			);
			defaultConfigurationIsVisible = 0;
			defaultConfigurationName = Release;
		};
/* End XCConfigurationList section */

/* Begin XCRemoteSwiftPackageReference section */
		4E21A7662F00BDC6006E8737 /* XCRemoteSwiftPackageReference "firebase-ios-sdk" */ = {
			isa = XCRemoteSwiftPackageReference;
			repositoryURL = "https://github.com/firebase/firebase-ios-sdk.git";
			requirement = {
				kind = exactVersion;
				version = 10.28.0;
			};
		};
/* End XCRemoteSwiftPackageReference section */

/* Begin XCSwiftPackageProductDependency section */
		4E21A7672F00BDC6006E8737 /* FirebaseAuth */ = {
			isa = XCSwiftPackageProductDependency;
			package = 4E21A7662F00BDC6006E8737 /* XCRemoteSwiftPackageReference "firebase-ios-sdk" */;
			productName = FirebaseAuth;
		};
		4E21A7692F00BDC6006E8737 /* FirebaseFirestore */ = {
			isa = XCSwiftPackageProductDependency;
			package = 4E21A7662F00BDC6006E8737 /* XCRemoteSwiftPackageReference "firebase-ios-sdk" */;
			productName = FirebaseFirestore;
		};
		4E21A76B2F00BDC6006E8737 /* FirebaseVertexAI-Preview */ = {
			isa = XCSwiftPackageProductDependency;
			package = 4E21A7662F00BDC6006E8737 /* XCRemoteSwiftPackageReference "firebase-ios-sdk" */;
			productName = "FirebaseVertexAI-Preview";
		};
/* End XCSwiftPackageProductDependency section */
	};
	rootObject = 215FE41B2ECD01990030561B /* Project object */;
}
